// !$*UTF8*$!
{
	archiveVersion = 1;
	classes = {
	};
	objectVersion = 52;
	objects = {

/* Begin PBXBuildFile section */
		570F0A9E2594A3EA001ED97A /* AppDelegate.swift in Sources */ = {isa = PBXBuildFile; fileRef = 570F0A9D2594A3EA001ED97A /* AppDelegate.swift */; };
		570F0AA02594A3EA001ED97A /* SceneDelegate.swift in Sources */ = {isa = PBXBuildFile; fileRef = 570F0A9F2594A3EA001ED97A /* SceneDelegate.swift */; };
		570F0AA22594A3EA001ED97A /* ViewController.swift in Sources */ = {isa = PBXBuildFile; fileRef = 570F0AA12594A3EA001ED97A /* ViewController.swift */; };
		570F0AA52594A3EA001ED97A /* Main.storyboard in Resources */ = {isa = PBXBuildFile; fileRef = 570F0AA32594A3EA001ED97A /* Main.storyboard */; };
		570F0AA72594A3EE001ED97A /* Assets.xcassets in Resources */ = {isa = PBXBuildFile; fileRef = 570F0AA62594A3EE001ED97A /* Assets.xcassets */; };
		570F0AAA2594A3EE001ED97A /* LaunchScreen.storyboard in Resources */ = {isa = PBXBuildFile; fileRef = 570F0AA82594A3EE001ED97A /* LaunchScreen.storyboard */; };
		570F0AB52594A3EE001ED97A /* demoTests.swift in Sources */ = {isa = PBXBuildFile; fileRef = 570F0AB42594A3EE001ED97A /* demoTests.swift */; };
		570F0AC02594A3EE001ED97A /* demoUITests.swift in Sources */ = {isa = PBXBuildFile; fileRef = 570F0ABF2594A3EE001ED97A /* demoUITests.swift */; };
		570F0AD22594A5A7001ED97A /* Moya in Frameworks */ = {isa = PBXBuildFile; productRef = 570F0AD12594A5A7001ED97A /* Moya */; };
		570F0AD42594A5A7001ED97A /* RxMoya in Frameworks */ = {isa = PBXBuildFile; productRef = 570F0AD32594A5A7001ED97A /* RxMoya */; };
		570F0ADA2594A5DD001ED97A /* HandyJSON in Frameworks */ = {isa = PBXBuildFile; productRef = 570F0AD92594A5DD001ED97A /* HandyJSON */; };
		570F0AE02594A7EC001ED97A /* Realm in Frameworks */ = {isa = PBXBuildFile; productRef = 570F0ADF2594A7EC001ED97A /* Realm */; };
		570F0AE22594A7EC001ED97A /* RealmSwift in Frameworks */ = {isa = PBXBuildFile; productRef = 570F0AE12594A7EC001ED97A /* RealmSwift */; };
/* End PBXBuildFile section */

/* Begin PBXContainerItemProxy section */
		570F0AB12594A3EE001ED97A /* PBXContainerItemProxy */ = {
			isa = PBXContainerItemProxy;
			containerPortal = 570F0A922594A3EA001ED97A /* Project object */;
			proxyType = 1;
			remoteGlobalIDString = 570F0A992594A3EA001ED97A;
			remoteInfo = demo;
		};
		570F0ABC2594A3EE001ED97A /* PBXContainerItemProxy */ = {
			isa = PBXContainerItemProxy;
			containerPortal = 570F0A922594A3EA001ED97A /* Project object */;
			proxyType = 1;
			remoteGlobalIDString = 570F0A992594A3EA001ED97A;
			remoteInfo = demo;
		};
/* End PBXContainerItemProxy section */

/* Begin PBXFileReference section */
		570F0A9A2594A3EA001ED97A /* demo.app */ = {isa = PBXFileReference; explicitFileType = wrapper.application; includeInIndex = 0; path = demo.app; sourceTree = BUILT_PRODUCTS_DIR; };
		570F0A9D2594A3EA001ED97A /* AppDelegate.swift */ = {isa = PBXFileReference; lastKnownFileType = sourcecode.swift; path = AppDelegate.swift; sourceTree = "<group>"; };
		570F0A9F2594A3EA001ED97A /* SceneDelegate.swift */ = {isa = PBXFileReference; lastKnownFileType = sourcecode.swift; path = SceneDelegate.swift; sourceTree = "<group>"; };
		570F0AA12594A3EA001ED97A /* ViewController.swift */ = {isa = PBXFileReference; lastKnownFileType = sourcecode.swift; path = ViewController.swift; sourceTree = "<group>"; };
		570F0AA42594A3EA001ED97A /* Base */ = {isa = PBXFileReference; lastKnownFileType = file.storyboard; name = Base; path = Base.lproj/Main.storyboard; sourceTree = "<group>"; };
		570F0AA62594A3EE001ED97A /* Assets.xcassets */ = {isa = PBXFileReference; lastKnownFileType = folder.assetcatalog; path = Assets.xcassets; sourceTree = "<group>"; };
		570F0AA92594A3EE001ED97A /* Base */ = {isa = PBXFileReference; lastKnownFileType = file.storyboard; name = Base; path = Base.lproj/LaunchScreen.storyboard; sourceTree = "<group>"; };
		570F0AAB2594A3EE001ED97A /* Info.plist */ = {isa = PBXFileReference; lastKnownFileType = text.plist.xml; path = Info.plist; sourceTree = "<group>"; };
		570F0AB02594A3EE001ED97A /* demoTests.xctest */ = {isa = PBXFileReference; explicitFileType = wrapper.cfbundle; includeInIndex = 0; path = demoTests.xctest; sourceTree = BUILT_PRODUCTS_DIR; };
		570F0AB42594A3EE001ED97A /* demoTests.swift */ = {isa = PBXFileReference; lastKnownFileType = sourcecode.swift; path = demoTests.swift; sourceTree = "<group>"; };
		570F0AB62594A3EE001ED97A /* Info.plist */ = {isa = PBXFileReference; lastKnownFileType = text.plist.xml; path = Info.plist; sourceTree = "<group>"; };
		570F0ABB2594A3EE001ED97A /* demoUITests.xctest */ = {isa = PBXFileReference; explicitFileType = wrapper.cfbundle; includeInIndex = 0; path = demoUITests.xctest; sourceTree = BUILT_PRODUCTS_DIR; };
		570F0ABF2594A3EE001ED97A /* demoUITests.swift */ = {isa = PBXFileReference; lastKnownFileType = sourcecode.swift; path = demoUITests.swift; sourceTree = "<group>"; };
		570F0AC12594A3EE001ED97A /* Info.plist */ = {isa = PBXFileReference; lastKnownFileType = text.plist.xml; path = Info.plist; sourceTree = "<group>"; };
/* End PBXFileReference section */

/* Begin PBXFrameworksBuildPhase section */
		570F0A972594A3EA001ED97A /* Frameworks */ = {
			isa = PBXFrameworksBuildPhase;
			buildActionMask = 2147483647;
			files = (
				570F0ADA2594A5DD001ED97A /* HandyJSON in Frameworks */,
				570F0AD42594A5A7001ED97A /* RxMoya in Frameworks */,
				570F0AE02594A7EC001ED97A /* Realm in Frameworks */,
				570F0AE22594A7EC001ED97A /* RealmSwift in Frameworks */,
				570F0AD22594A5A7001ED97A /* Moya in Frameworks */,
			);
			runOnlyForDeploymentPostprocessing = 0;
		};
		570F0AAD2594A3EE001ED97A /* Frameworks */ = {
			isa = PBXFrameworksBuildPhase;
			buildActionMask = 2147483647;
			files = (
			);
			runOnlyForDeploymentPostprocessing = 0;
		};
		570F0AB82594A3EE001ED97A /* Frameworks */ = {
			isa = PBXFrameworksBuildPhase;
			buildActionMask = 2147483647;
			files = (
			);
			runOnlyForDeploymentPostprocessing = 0;
		};
/* End PBXFrameworksBuildPhase section */

/* Begin PBXGroup section */
		570F0A912594A3EA001ED97A = {
			isa = PBXGroup;
			children = (
				570F0A9C2594A3EA001ED97A /* demo */,
				570F0AB32594A3EE001ED97A /* demoTests */,
				570F0ABE2594A3EE001ED97A /* demoUITests */,
				570F0A9B2594A3EA001ED97A /* Products */,
			);
			sourceTree = "<group>";
		};
		570F0A9B2594A3EA001ED97A /* Products */ = {
			isa = PBXGroup;
			children = (
				570F0A9A2594A3EA001ED97A /* demo.app */,
				570F0AB02594A3EE001ED97A /* demoTests.xctest */,
				570F0ABB2594A3EE001ED97A /* demoUITests.xctest */,
			);
			name = Products;
			sourceTree = "<group>";
		};
		570F0A9C2594A3EA001ED97A /* demo */ = {
			isa = PBXGroup;
			children = (
				570F0A9D2594A3EA001ED97A /* AppDelegate.swift */,
				570F0A9F2594A3EA001ED97A /* SceneDelegate.swift */,
				570F0AA12594A3EA001ED97A /* ViewController.swift */,
				570F0AA32594A3EA001ED97A /* Main.storyboard */,
				570F0AA62594A3EE001ED97A /* Assets.xcassets */,
				570F0AA82594A3EE001ED97A /* LaunchScreen.storyboard */,
				570F0AAB2594A3EE001ED97A /* Info.plist */,
			);
			path = demo;
			sourceTree = "<group>";
		};
		570F0AB32594A3EE001ED97A /* demoTests */ = {
			isa = PBXGroup;
			children = (
				570F0AB42594A3EE001ED97A /* demoTests.swift */,
				570F0AB62594A3EE001ED97A /* Info.plist */,
			);
			path = demoTests;
			sourceTree = "<group>";
		};
		570F0ABE2594A3EE001ED97A /* demoUITests */ = {
			isa = PBXGroup;
			children = (
				570F0ABF2594A3EE001ED97A /* demoUITests.swift */,
				570F0AC12594A3EE001ED97A /* Info.plist */,
			);
			path = demoUITests;
			sourceTree = "<group>";
		};
/* End PBXGroup section */

/* Begin PBXNativeTarget section */
		570F0A992594A3EA001ED97A /* demo */ = {
			isa = PBXNativeTarget;
			buildConfigurationList = 570F0AC42594A3EE001ED97A /* Build configuration list for PBXNativeTarget "demo" */;
			buildPhases = (
				570F0A962594A3EA001ED97A /* Sources */,
				570F0A972594A3EA001ED97A /* Frameworks */,
				570F0A982594A3EA001ED97A /* Resources */,
			);
			buildRules = (
			);
			dependencies = (
			);
			name = demo;
			packageProductDependencies = (
				570F0AD12594A5A7001ED97A /* Moya */,
				570F0AD32594A5A7001ED97A /* RxMoya */,
				570F0AD92594A5DD001ED97A /* HandyJSON */,
				570F0ADF2594A7EC001ED97A /* Realm */,
				570F0AE12594A7EC001ED97A /* RealmSwift */,
			);
			productName = demo;
			productReference = 570F0A9A2594A3EA001ED97A /* demo.app */;
			productType = "com.apple.product-type.application";
		};
		570F0AAF2594A3EE001ED97A /* demoTests */ = {
			isa = PBXNativeTarget;
			buildConfigurationList = 570F0AC72594A3EE001ED97A /* Build configuration list for PBXNativeTarget "demoTests" */;
			buildPhases = (
				570F0AAC2594A3EE001ED97A /* Sources */,
				570F0AAD2594A3EE001ED97A /* Frameworks */,
				570F0AAE2594A3EE001ED97A /* Resources */,
			);
			buildRules = (
			);
			dependencies = (
				570F0AB22594A3EE001ED97A /* PBXTargetDependency */,
			);
			name = demoTests;
			productName = demoTests;
			productReference = 570F0AB02594A3EE001ED97A /* demoTests.xctest */;
			productType = "com.apple.product-type.bundle.unit-test";
		};
		570F0ABA2594A3EE001ED97A /* demoUITests */ = {
			isa = PBXNativeTarget;
			buildConfigurationList = 570F0ACA2594A3EE001ED97A /* Build configuration list for PBXNativeTarget "demoUITests" */;
			buildPhases = (
				570F0AB72594A3EE001ED97A /* Sources */,
				570F0AB82594A3EE001ED97A /* Frameworks */,
				570F0AB92594A3EE001ED97A /* Resources */,
			);
			buildRules = (
			);
			dependencies = (
				570F0ABD2594A3EE001ED97A /* PBXTargetDependency */,
			);
			name = demoUITests;
			productName = demoUITests;
			productReference = 570F0ABB2594A3EE001ED97A /* demoUITests.xctest */;
			productType = "com.apple.product-type.bundle.ui-testing";
		};
/* End PBXNativeTarget section */

/* Begin PBXProject section */
		570F0A922594A3EA001ED97A /* Project object */ = {
			isa = PBXProject;
			attributes = {
				LastSwiftUpdateCheck = 1220;
				LastUpgradeCheck = 1220;
				TargetAttributes = {
					570F0A992594A3EA001ED97A = {
						CreatedOnToolsVersion = 12.2;
					};
					570F0AAF2594A3EE001ED97A = {
						CreatedOnToolsVersion = 12.2;
						TestTargetID = 570F0A992594A3EA001ED97A;
					};
					570F0ABA2594A3EE001ED97A = {
						CreatedOnToolsVersion = 12.2;
						TestTargetID = 570F0A992594A3EA001ED97A;
					};
				};
			};
			buildConfigurationList = 570F0A952594A3EA001ED97A /* Build configuration list for PBXProject "demo" */;
			compatibilityVersion = "Xcode 9.3";
			developmentRegion = en;
			hasScannedForEncodings = 0;
			knownRegions = (
				en,
				Base,
			);
			mainGroup = 570F0A912594A3EA001ED97A;
			packageReferences = (
				570F0AD02594A5A7001ED97A /* XCRemoteSwiftPackageReference "Moya" */,
				570F0AD82594A5DD001ED97A /* XCRemoteSwiftPackageReference "HandyJSON" */,
				570F0ADE2594A7EC001ED97A /* XCRemoteSwiftPackageReference "realm-cocoa" */,
			);
			productRefGroup = 570F0A9B2594A3EA001ED97A /* Products */;
			projectDirPath = "";
			projectRoot = "";
			targets = (
				570F0A992594A3EA001ED97A /* demo */,
				570F0AAF2594A3EE001ED97A /* demoTests */,
				570F0ABA2594A3EE001ED97A /* demoUITests */,
			);
		};
/* End PBXProject section */

/* Begin PBXResourcesBuildPhase section */
		570F0A982594A3EA001ED97A /* Resources */ = {
			isa = PBXResourcesBuildPhase;
			buildActionMask = 2147483647;
			files = (
				570F0AAA2594A3EE001ED97A /* LaunchScreen.storyboard in Resources */,
				570F0AA72594A3EE001ED97A /* Assets.xcassets in Resources */,
				570F0AA52594A3EA001ED97A /* Main.storyboard in Resources */,
			);
			runOnlyForDeploymentPostprocessing = 0;
		};
		570F0AAE2594A3EE001ED97A /* Resources */ = {
			isa = PBXResourcesBuildPhase;
			buildActionMask = 2147483647;
			files = (
			);
			runOnlyForDeploymentPostprocessing = 0;
		};
		570F0AB92594A3EE001ED97A /* Resources */ = {
			isa = PBXResourcesBuildPhase;
			buildActionMask = 2147483647;
			files = (
			);
			runOnlyForDeploymentPostprocessing = 0;
		};
/* End PBXResourcesBuildPhase section */

/* Begin PBXSourcesBuildPhase section */
		570F0A962594A3EA001ED97A /* Sources */ = {
			isa = PBXSourcesBuildPhase;
			buildActionMask = 2147483647;
			files = (
				570F0AA22594A3EA001ED97A /* ViewController.swift in Sources */,
				570F0A9E2594A3EA001ED97A /* AppDelegate.swift in Sources */,
				570F0AA02594A3EA001ED97A /* SceneDelegate.swift in Sources */,
			);
			runOnlyForDeploymentPostprocessing = 0;
		};
		570F0AAC2594A3EE001ED97A /* Sources */ = {
			isa = PBXSourcesBuildPhase;
			buildActionMask = 2147483647;
			files = (
				570F0AB52594A3EE001ED97A /* demoTests.swift in Sources */,
			);
			runOnlyForDeploymentPostprocessing = 0;
		};
		570F0AB72594A3EE001ED97A /* Sources */ = {
			isa = PBXSourcesBuildPhase;
			buildActionMask = 2147483647;
			files = (
				570F0AC02594A3EE001ED97A /* demoUITests.swift in Sources */,
			);
			runOnlyForDeploymentPostprocessing = 0;
		};
/* End PBXSourcesBuildPhase section */

/* Begin PBXTargetDependency section */
		570F0AB22594A3EE001ED97A /* PBXTargetDependency */ = {
			isa = PBXTargetDependency;
			target = 570F0A992594A3EA001ED97A /* demo */;
			targetProxy = 570F0AB12594A3EE001ED97A /* PBXContainerItemProxy */;
		};
		570F0ABD2594A3EE001ED97A /* PBXTargetDependency */ = {
			isa = PBXTargetDependency;
			target = 570F0A992594A3EA001ED97A /* demo */;
			targetProxy = 570F0ABC2594A3EE001ED97A /* PBXContainerItemProxy */;
		};
/* End PBXTargetDependency section */

/* Begin PBXVariantGroup section */
		570F0AA32594A3EA001ED97A /* Main.storyboard */ = {
			isa = PBXVariantGroup;
			children = (
				570F0AA42594A3EA001ED97A /* Base */,
			);
			name = Main.storyboard;
			sourceTree = "<group>";
		};
		570F0AA82594A3EE001ED97A /* LaunchScreen.storyboard */ = {
			isa = PBXVariantGroup;
			children = (
				570F0AA92594A3EE001ED97A /* Base */,
			);
			name = LaunchScreen.storyboard;
			sourceTree = "<group>";
		};
/* End PBXVariantGroup section */

/* Begin XCBuildConfiguration section */
		570F0AC22594A3EE001ED97A /* Debug */ = {
			isa = XCBuildConfiguration;
			buildSettings = {
				ALWAYS_SEARCH_USER_PATHS = NO;
				CLANG_ANALYZER_NONNULL = YES;
				CLANG_ANALYZER_NUMBER_OBJECT_CONVERSION = YES_AGGRESSIVE;
				CLANG_CXX_LANGUAGE_STANDARD = "gnu++14";
				CLANG_CXX_LIBRARY = "libc++";
				CLANG_ENABLE_MODULES = YES;
				CLANG_ENABLE_OBJC_ARC = YES;
				CLANG_ENABLE_OBJC_WEAK = YES;
				CLANG_WARN_BLOCK_CAPTURE_AUTORELEASING = YES;
				CLANG_WARN_BOOL_CONVERSION = YES;
				CLANG_WARN_COMMA = YES;
				CLANG_WARN_CONSTANT_CONVERSION = YES;
				CLANG_WARN_DEPRECATED_OBJC_IMPLEMENTATIONS = YES;
				CLANG_WARN_DIRECT_OBJC_ISA_USAGE = YES_ERROR;
				CLANG_WARN_DOCUMENTATION_COMMENTS = YES;
				CLANG_WARN_EMPTY_BODY = YES;
				CLANG_WARN_ENUM_CONVERSION = YES;
				CLANG_WARN_INFINITE_RECURSION = YES;
				CLANG_WARN_INT_CONVERSION = YES;
				CLANG_WARN_NON_LITERAL_NULL_CONVERSION = YES;
				CLANG_WARN_OBJC_IMPLICIT_RETAIN_SELF = YES;
				CLANG_WARN_OBJC_LITERAL_CONVERSION = YES;
				CLANG_WARN_OBJC_ROOT_CLASS = YES_ERROR;
				CLANG_WARN_QUOTED_INCLUDE_IN_FRAMEWORK_HEADER = YES;
				CLANG_WARN_RANGE_LOOP_ANALYSIS = YES;
				CLANG_WARN_STRICT_PROTOTYPES = YES;
				CLANG_WARN_SUSPICIOUS_MOVE = YES;
				CLANG_WARN_UNGUARDED_AVAILABILITY = YES_AGGRESSIVE;
				CLANG_WARN_UNREACHABLE_CODE = YES;
				CLANG_WARN__DUPLICATE_METHOD_MATCH = YES;
				COPY_PHASE_STRIP = NO;
				DEBUG_INFORMATION_FORMAT = dwarf;
				ENABLE_STRICT_OBJC_MSGSEND = YES;
				ENABLE_TESTABILITY = YES;
				GCC_C_LANGUAGE_STANDARD = gnu11;
				GCC_DYNAMIC_NO_PIC = NO;
				GCC_NO_COMMON_BLOCKS = YES;
				GCC_OPTIMIZATION_LEVEL = 0;
				GCC_PREPROCESSOR_DEFINITIONS = (
					"DEBUG=1",
					"$(inherited)",
				);
				GCC_WARN_64_TO_32_BIT_CONVERSION = YES;
				GCC_WARN_ABOUT_RETURN_TYPE = YES_ERROR;
				GCC_WARN_UNDECLARED_SELECTOR = YES;
				GCC_WARN_UNINITIALIZED_AUTOS = YES_AGGRESSIVE;
				GCC_WARN_UNUSED_FUNCTION = YES;
				GCC_WARN_UNUSED_VARIABLE = YES;
				IPHONEOS_DEPLOYMENT_TARGET = 14.2;
				MTL_ENABLE_DEBUG_INFO = INCLUDE_SOURCE;
				MTL_FAST_MATH = YES;
				ONLY_ACTIVE_ARCH = YES;
				SDKROOT = iphoneos;
				SWIFT_ACTIVE_COMPILATION_CONDITIONS = DEBUG;
				SWIFT_OPTIMIZATION_LEVEL = "-Onone";
			};
			name = Debug;
		};
		570F0AC32594A3EE001ED97A /* Release */ = {
			isa = XCBuildConfiguration;
			buildSettings = {
				ALWAYS_SEARCH_USER_PATHS = NO;
				CLANG_ANALYZER_NONNULL = YES;
				CLANG_ANALYZER_NUMBER_OBJECT_CONVERSION = YES_AGGRESSIVE;
				CLANG_CXX_LANGUAGE_STANDARD = "gnu++14";
				CLANG_CXX_LIBRARY = "libc++";
				CLANG_ENABLE_MODULES = YES;
				CLANG_ENABLE_OBJC_ARC = YES;
				CLANG_ENABLE_OBJC_WEAK = YES;
				CLANG_WARN_BLOCK_CAPTURE_AUTORELEASING = YES;
				CLANG_WARN_BOOL_CONVERSION = YES;
				CLANG_WARN_COMMA = YES;
				CLANG_WARN_CONSTANT_CONVERSION = YES;
				CLANG_WARN_DEPRECATED_OBJC_IMPLEMENTATIONS = YES;
				CLANG_WARN_DIRECT_OBJC_ISA_USAGE = YES_ERROR;
				CLANG_WARN_DOCUMENTATION_COMMENTS = YES;
				CLANG_WARN_EMPTY_BODY = YES;
				CLANG_WARN_ENUM_CONVERSION = YES;
				CLANG_WARN_INFINITE_RECURSION = YES;
				CLANG_WARN_INT_CONVERSION = YES;
				CLANG_WARN_NON_LITERAL_NULL_CONVERSION = YES;
				CLANG_WARN_OBJC_IMPLICIT_RETAIN_SELF = YES;
				CLANG_WARN_OBJC_LITERAL_CONVERSION = YES;
				CLANG_WARN_OBJC_ROOT_CLASS = YES_ERROR;
				CLANG_WARN_QUOTED_INCLUDE_IN_FRAMEWORK_HEADER = YES;
				CLANG_WARN_RANGE_LOOP_ANALYSIS = YES;
				CLANG_WARN_STRICT_PROTOTYPES = YES;
				CLANG_WARN_SUSPICIOUS_MOVE = YES;
				CLANG_WARN_UNGUARDED_AVAILABILITY = YES_AGGRESSIVE;
				CLANG_WARN_UNREACHABLE_CODE = YES;
				CLANG_WARN__DUPLICATE_METHOD_MATCH = YES;
				COPY_PHASE_STRIP = NO;
				DEBUG_INFORMATION_FORMAT = "dwarf-with-dsym";
				ENABLE_NS_ASSERTIONS = NO;
				ENABLE_STRICT_OBJC_MSGSEND = YES;
				GCC_C_LANGUAGE_STANDARD = gnu11;
				GCC_NO_COMMON_BLOCKS = YES;
				GCC_WARN_64_TO_32_BIT_CONVERSION = YES;
				GCC_WARN_ABOUT_RETURN_TYPE = YES_ERROR;
				GCC_WARN_UNDECLARED_SELECTOR = YES;
				GCC_WARN_UNINITIALIZED_AUTOS = YES_AGGRESSIVE;
				GCC_WARN_UNUSED_FUNCTION = YES;
				GCC_WARN_UNUSED_VARIABLE = YES;
				IPHONEOS_DEPLOYMENT_TARGET = 14.2;
				MTL_ENABLE_DEBUG_INFO = NO;
				MTL_FAST_MATH = YES;
				SDKROOT = iphoneos;
				SWIFT_COMPILATION_MODE = wholemodule;
				SWIFT_OPTIMIZATION_LEVEL = "-O";
				VALIDATE_PRODUCT = YES;
			};
			name = Release;
		};
		570F0AC52594A3EE001ED97A /* Debug */ = {
			isa = XCBuildConfiguration;
			buildSettings = {
				ASSETCATALOG_COMPILER_APPICON_NAME = AppIcon;
				ASSETCATALOG_COMPILER_GLOBAL_ACCENT_COLOR_NAME = AccentColor;
				CODE_SIGN_STYLE = Automatic;
				DEVELOPMENT_TEAM = LZBY3S98DG;
				INFOPLIST_FILE = demo/Info.plist;
				LD_RUNPATH_SEARCH_PATHS = (
					"$(inherited)",
					"@executable_path/Frameworks",
				);
				PRODUCT_BUNDLE_IDENTIFIER = west.demo;
				PRODUCT_NAME = "$(TARGET_NAME)";
				SWIFT_VERSION = 5.0;
				TARGETED_DEVICE_FAMILY = "1,2";
			};
			name = Debug;
		};
		570F0AC62594A3EE001ED97A /* Release */ = {
			isa = XCBuildConfiguration;
			buildSettings = {
				ASSETCATALOG_COMPILER_APPICON_NAME = AppIcon;
				ASSETCATALOG_COMPILER_GLOBAL_ACCENT_COLOR_NAME = AccentColor;
				CODE_SIGN_STYLE = Automatic;
				DEVELOPMENT_TEAM = LZBY3S98DG;
				INFOPLIST_FILE = demo/Info.plist;
				LD_RUNPATH_SEARCH_PATHS = (
					"$(inherited)",
					"@executable_path/Frameworks",
				);
				PRODUCT_BUNDLE_IDENTIFIER = west.demo;
				PRODUCT_NAME = "$(TARGET_NAME)";
				SWIFT_VERSION = 5.0;
				TARGETED_DEVICE_FAMILY = "1,2";
			};
			name = Release;
		};
		570F0AC82594A3EE001ED97A /* Debug */ = {
			isa = XCBuildConfiguration;
			buildSettings = {
				ALWAYS_EMBED_SWIFT_STANDARD_LIBRARIES = YES;
				BUNDLE_LOADER = "$(TEST_HOST)";
				CODE_SIGN_STYLE = Automatic;
				DEVELOPMENT_TEAM = LZBY3S98DG;
				INFOPLIST_FILE = demoTests/Info.plist;
				IPHONEOS_DEPLOYMENT_TARGET = 14.2;
				LD_RUNPATH_SEARCH_PATHS = (
					"$(inherited)",
					"@executable_path/Frameworks",
					"@loader_path/Frameworks",
				);
				PRODUCT_BUNDLE_IDENTIFIER = west.demoTests;
				PRODUCT_NAME = "$(TARGET_NAME)";
				SWIFT_VERSION = 5.0;
				TARGETED_DEVICE_FAMILY = "1,2";
				TEST_HOST = "$(BUILT_PRODUCTS_DIR)/demo.app/demo";
			};
			name = Debug;
		};
		570F0AC92594A3EE001ED97A /* Release */ = {
			isa = XCBuildConfiguration;
			buildSettings = {
				ALWAYS_EMBED_SWIFT_STANDARD_LIBRARIES = YES;
				BUNDLE_LOADER = "$(TEST_HOST)";
				CODE_SIGN_STYLE = Automatic;
				DEVELOPMENT_TEAM = LZBY3S98DG;
				INFOPLIST_FILE = demoTests/Info.plist;
				IPHONEOS_DEPLOYMENT_TARGET = 14.2;
				LD_RUNPATH_SEARCH_PATHS = (
					"$(inherited)",
					"@executable_path/Frameworks",
					"@loader_path/Frameworks",
				);
				PRODUCT_BUNDLE_IDENTIFIER = west.demoTests;
				PRODUCT_NAME = "$(TARGET_NAME)";
				SWIFT_VERSION = 5.0;
				TARGETED_DEVICE_FAMILY = "1,2";
				TEST_HOST = "$(BUILT_PRODUCTS_DIR)/demo.app/demo";
			};
			name = Release;
		};
		570F0ACB2594A3EE001ED97A /* Debug */ = {
			isa = XCBuildConfiguration;
			buildSettings = {
				ALWAYS_EMBED_SWIFT_STANDARD_LIBRARIES = YES;
				CODE_SIGN_STYLE = Automatic;
				DEVELOPMENT_TEAM = LZBY3S98DG;
				INFOPLIST_FILE = demoUITests/Info.plist;
				LD_RUNPATH_SEARCH_PATHS = (
					"$(inherited)",
					"@executable_path/Frameworks",
					"@loader_path/Frameworks",
				);
				PRODUCT_BUNDLE_IDENTIFIER = west.demoUITests;
				PRODUCT_NAME = "$(TARGET_NAME)";
				SWIFT_VERSION = 5.0;
				TARGETED_DEVICE_FAMILY = "1,2";
				TEST_TARGET_NAME = demo;
			};
			name = Debug;
		};
		570F0ACC2594A3EE001ED97A /* Release */ = {
			isa = XCBuildConfiguration;
			buildSettings = {
				ALWAYS_EMBED_SWIFT_STANDARD_LIBRARIES = YES;
				CODE_SIGN_STYLE = Automatic;
				DEVELOPMENT_TEAM = LZBY3S98DG;
				INFOPLIST_FILE = demoUITests/Info.plist;
				LD_RUNPATH_SEARCH_PATHS = (
					"$(inherited)",
					"@executable_path/Frameworks",
					"@loader_path/Frameworks",
				);
				PRODUCT_BUNDLE_IDENTIFIER = west.demoUITests;
				PRODUCT_NAME = "$(TARGET_NAME)";
				SWIFT_VERSION = 5.0;
				TARGETED_DEVICE_FAMILY = "1,2";
				TEST_TARGET_NAME = demo;
			};
			name = Release;
		};
/* End XCBuildConfiguration section */

/* Begin XCConfigurationList section */
		570F0A952594A3EA001ED97A /* Build configuration list for PBXProject "demo" */ = {
			isa = XCConfigurationList;
			buildConfigurations = (
				570F0AC22594A3EE001ED97A /* Debug */,
				570F0AC32594A3EE001ED97A /* Release */,
			);
			defaultConfigurationIsVisible = 0;
			defaultConfigurationName = Release;
		};
		570F0AC42594A3EE001ED97A /* Build configuration list for PBXNativeTarget "demo" */ = {
			isa = XCConfigurationList;
			buildConfigurations = (
				570F0AC52594A3EE001ED97A /* Debug */,
				570F0AC62594A3EE001ED97A /* Release */,
			);
			defaultConfigurationIsVisible = 0;
			defaultConfigurationName = Release;
		};
		570F0AC72594A3EE001ED97A /* Build configuration list for PBXNativeTarget "demoTests" */ = {
			isa = XCConfigurationList;
			buildConfigurations = (
				570F0AC82594A3EE001ED97A /* Debug */,
				570F0AC92594A3EE001ED97A /* Release */,
			);
			defaultConfigurationIsVisible = 0;
			defaultConfigurationName = Release;
		};
		570F0ACA2594A3EE001ED97A /* Build configuration list for PBXNativeTarget "demoUITests" */ = {
			isa = XCConfigurationList;
			buildConfigurations = (
				570F0ACB2594A3EE001ED97A /* Debug */,
				570F0ACC2594A3EE001ED97A /* Release */,
			);
			defaultConfigurationIsVisible = 0;
			defaultConfigurationName = Release;
		};
/* End XCConfigurationList section */

/* Begin XCRemoteSwiftPackageReference section */
		570F0AD02594A5A7001ED97A /* XCRemoteSwiftPackageReference "Moya" */ = {
			isa = XCRemoteSwiftPackageReference;
			repositoryURL = "https://github.com/Moya/Moya.git";
			requirement = {
				kind = upToNextMajorVersion;
				minimumVersion = 14.0.0;
			};
		};
		570F0AD82594A5DD001ED97A /* XCRemoteSwiftPackageReference "HandyJSON" */ = {
			isa = XCRemoteSwiftPackageReference;
			repositoryURL = "https://github.com/alibaba/HandyJSON.git";
			requirement = {
				kind = upToNextMajorVersion;
				minimumVersion = 5.0.2;
			};
		};
		570F0ADE2594A7EC001ED97A /* XCRemoteSwiftPackageReference "realm-cocoa" */ = {
			isa = XCRemoteSwiftPackageReference;
			repositoryURL = "https://github.com/realm/realm-cocoa.git";
			requirement = {
				kind = upToNextMajorVersion;
				minimumVersion = 10.5.0;
			};
		};
/* End XCRemoteSwiftPackageReference section */

/* Begin XCSwiftPackageProductDependency section */
		570F0AD12594A5A7001ED97A /* Moya */ = {
			isa = XCSwiftPackageProductDependency;
			package = 570F0AD02594A5A7001ED97A /* XCRemoteSwiftPackageReference "Moya" */;
			productName = Moya;
		};
		570F0AD32594A5A7001ED97A /* RxMoya */ = {
			isa = XCSwiftPackageProductDependency;
			package = 570F0AD02594A5A7001ED97A /* XCRemoteSwiftPackageReference "Moya" */;
			productName = RxMoya;
		};
		570F0AD92594A5DD001ED97A /* HandyJSON */ = {
			isa = XCSwiftPackageProductDependency;
			package = 570F0AD82594A5DD001ED97A /* XCRemoteSwiftPackageReference "HandyJSON" */;
			productName = HandyJSON;
		};
		570F0ADF2594A7EC001ED97A /* Realm */ = {
			isa = XCSwiftPackageProductDependency;
			package = 570F0ADE2594A7EC001ED97A /* XCRemoteSwiftPackageReference "realm-cocoa" */;
			productName = Realm;
		};
		570F0AE12594A7EC001ED97A /* RealmSwift */ = {
			isa = XCSwiftPackageProductDependency;
			package = 570F0ADE2594A7EC001ED97A /* XCRemoteSwiftPackageReference "realm-cocoa" */;
			productName = RealmSwift;
		};
/* End XCSwiftPackageProductDependency section */
	};
	rootObject = 570F0A922594A3EA001ED97A /* Project object */;
}
